{
  "version": 4,
  "terraform_version": "1.0.8",
  "serial": 5,
  "lineage": "ad3d3aa2-278c-3383-43e6-ab8e39cba295",
  "outputs": {
    "kubernetes_cluster_host": {
      "value": "35.232.14.24",
      "type": "string"
    },
    "kubernetes_cluster_name": {
      "value": "illusiveaviv-gke",
      "type": "string"
    },
    "project_id": {
      "value": "illusiveaviv",
      "type": "string"
    },
    "region": {
      "value": "us-central1",
      "type": "string"
    }
  },
  "resources": [
    {
      "mode": "managed",
      "type": "google_compute_network",
      "name": "vpc",
      "provider": "provider[\"registry.terraform.io/hashicorp/google\"]",
      "instances": [
        {
          "schema_version": 0,
          "attributes": {
            "auto_create_subnetworks": false,
            "delete_default_routes_on_create": false,
            "description": "",
            "gateway_ipv4": "",
            "id": "projects/illusiveaviv/global/networks/illusiveaviv-vpc",
            "mtu": 0,
            "name": "illusiveaviv-vpc",
            "project": "illusiveaviv",
            "routing_mode": "REGIONAL",
            "self_link": "https://www.googleapis.com/compute/v1/projects/illusiveaviv/global/networks/illusiveaviv-vpc",
            "timeouts": null
          },
          "sensitive_attributes": [],
          "private": "eyJlMmJmYjczMC1lY2FhLTExZTYtOGY4OC0zNDM2M2JjN2M0YzAiOnsiY3JlYXRlIjoyNDAwMDAwMDAwMDAsImRlbGV0ZSI6MjQwMDAwMDAwMDAwLCJ1cGRhdGUiOjI0MDAwMDAwMDAwMH19"
        }
      ]
    },
    {
      "mode": "managed",
      "type": "google_compute_subnetwork",
      "name": "subnet",
      "provider": "provider[\"registry.terraform.io/hashicorp/google\"]",
      "instances": [
        {
          "schema_version": 0,
          "attributes": {
            "creation_timestamp": "2021-09-30T11:38:01.019-07:00",
            "description": "",
            "fingerprint": null,
            "gateway_address": "10.10.0.1",
            "id": "projects/illusiveaviv/regions/us-central1/subnetworks/illusiveaviv-subnet",
            "ip_cidr_range": "10.10.0.0/24",
            "log_config": [],
            "name": "illusiveaviv-subnet",
            "network": "https://www.googleapis.com/compute/v1/projects/illusiveaviv/global/networks/illusiveaviv-vpc",
            "private_ip_google_access": false,
            "private_ipv6_google_access": "DISABLE_GOOGLE_ACCESS",
            "project": "illusiveaviv",
            "region": "us-central1",
            "secondary_ip_range": [],
            "self_link": "https://www.googleapis.com/compute/v1/projects/illusiveaviv/regions/us-central1/subnetworks/illusiveaviv-subnet",
            "timeouts": null
          },
          "sensitive_attributes": [],
          "private": "eyJlMmJmYjczMC1lY2FhLTExZTYtOGY4OC0zNDM2M2JjN2M0YzAiOnsiY3JlYXRlIjozNjAwMDAwMDAwMDAsImRlbGV0ZSI6MzYwMDAwMDAwMDAwLCJ1cGRhdGUiOjM2MDAwMDAwMDAwMH19",
          "dependencies": [
            "google_compute_network.vpc"
          ]
        }
      ]
    },
    {
      "mode": "managed",
      "type": "google_container_cluster",
      "name": "primary",
      "provider": "provider[\"registry.terraform.io/hashicorp/google\"]",
      "instances": [
        {
          "schema_version": 1,
          "attributes": {
            "addons_config": [
              {
                "cloudrun_config": [],
                "horizontal_pod_autoscaling": [],
                "http_load_balancing": [],
                "network_policy_config": [
                  {
                    "disabled": true
                  }
                ]
              }
            ],
            "authenticator_groups_config": [],
            "cluster_autoscaling": [
              {
                "auto_provisioning_defaults": [],
                "enabled": false,
                "resource_limits": []
              }
            ],
            "cluster_ipv4_cidr": "10.24.0.0/14",
            "database_encryption": [
              {
                "key_name": "",
                "state": "DECRYPTED"
              }
            ],
            "default_max_pods_per_node": null,
            "description": "",
            "enable_binary_authorization": false,
            "enable_intranode_visibility": null,
            "enable_kubernetes_alpha": false,
            "enable_legacy_abac": false,
            "enable_shielded_nodes": false,
            "enable_tpu": null,
            "endpoint": "35.232.14.24",
            "id": "projects/illusiveaviv/locations/us-central1/clusters/illusiveaviv-gke",
            "initial_node_count": 1,
            "instance_group_urls": [],
            "ip_allocation_policy": [],
            "label_fingerprint": "a9dc16a7",
            "location": "us-central1",
            "logging_service": "logging.googleapis.com/kubernetes",
            "maintenance_policy": [],
            "master_auth": [
              {
                "client_certificate": "",
                "client_certificate_config": [
                  {
                    "issue_client_certificate": false
                  }
                ],
                "client_key": "",
                "cluster_ca_certificate": "LS0tLS1CRUdJTiBDRVJUSUZJQ0FURS0tLS0tCk1JSUVMVENDQXBXZ0F3SUJBZ0lSQU1hODFpVE9CSmg4N3RGUElEWldnSGt3RFFZSktvWklodmNOQVFFTEJRQXcKTHpFdE1Dc0dBMVVFQXhNa01XSTNaRGM0TnpFdE9UZ3dOUzAwTlRnNUxXRmxOREF0WWpJNVpUWXpZMlE0WVdZMApNQ0FYRFRJeE1Ea3pNREUzTXpneU5Gb1lEekl3TlRFd09USXpNVGd6T0RJMFdqQXZNUzB3S3dZRFZRUURFeVF4CllqZGtOemczTVMwNU9EQTFMVFExT0RrdFlXVTBNQzFpTWpsbE5qTmpaRGhoWmpRd2dnR2lNQTBHQ1NxR1NJYjMKRFFFQkFRVUFBNElCandBd2dnR0tBb0lCZ1FDSzc2QTVJbEZQajNSNDBRNll6VWhsNWd1V1FVL2VrOTdvUC9QRwpjUlVlRnQwSndKNzAxQzUzWjU0eFd5TktnV0xSU0o5TnA4VFg0dDl5VFpSM3ZJZFJ0cXN0a2dQakVYK0VKUGVSCnBCVWNhVStzNkpPbUUzU3FGcElPYVNnQzIxRVUrdXQ1dUx3ZkNwbHhhcU91V05SeGhjQWZyZ3YvdkpvY0NQTFkKV2JpSFZnaW9CeDJNZ3pWS083blhPM0tzdEZoMHdGYkpvOHpXYjQ0VHk3d1JXQnU4RlNRZEFYYm5rMGJCQlBnOApxeWdlRk82REVQemhHZU1WTHhXVDY0aXMyWGVLcVA2dHhXZkl2ZnJhbnpIa21oMzJMRzM5djlqTnE4YXNoZ3dOClcxTFRZRTJRVFpOL3JpQlh4eDlLZVVWc2VKY3g5dk5yS0hhZ2M5YnlsNVVuQk1tVDZveno4M29peGx3T25Tb3oKYTdST0tJWlVsMHViVTJqY3kvOGtpc28xZXRHOVpUOXVJcUZJUCtXN2NMQ1k5K1lpMkd4RGt2czJqWldkZExoSwp6MnBtT0FxVEdLWmlGU3NSVG9IMEJldExRdTU1aGRocWw2aGxVeDh3UXVIR3lLRzFUelMxSnlkS0pGaFQzaDg1ClFWY2NYakZLWmNERnN0N0JJaENSc28xdy9TMENBd0VBQWFOQ01FQXdEZ1lEVlIwUEFRSC9CQVFEQWdJRU1BOEcKQTFVZEV3RUIvd1FGTUFNQkFmOHdIUVlEVlIwT0JCWUVGTXN0ajhZeUxMSDd4aFp1b1l3dWQ2VTZvUHpQTUEwRwpDU3FHU0liM0RRRUJDd1VBQTRJQmdRQmZqQXFCWXY4YVczNXRWeU9qZVdLdEtxYU81eHNySm5tOG1rUUxXVG9ZCmIxS3k4V0VCekhVbDBreWFCY3VYeWh4cStVQ01SVVhibU5FeXlxRk9Ja082bWZ0T25IZFQ2WGNwMmpKUWlHdkIKUThoRW1XakR0OXJKbjJUbGFwbk1iRFZuNUs2Rm5iSURQcHVtUkV2NitzNEtPR0JndFdKOVVkL0c5ZVZ3VDBXYQpKbFRoL3dPUGRheHh6V2cvTGd6NHUwY1Q1OFVhTDFlaHNZWXp5SVN4VnREaWdwUTJKbXV0T3VUV3ZyOTk2bVFjCjJXUGJGMU85eEhMNXVDTE1UVmpXV3JLaXpDVktTRTJQZzdYbGNQL1NTSmJsUEgzV2NaTitwZElNVGNpcGwrTGkKdUtkM2hXVXJpSzhCUjJMVTdaVHR6QUZidEJwQ0lCUVFBa0NsNDBuOU5wWlUwZFI4cVBJbnN1NlY2bFJmaStFSwpNWWJyUEliaytudEUrTDE5RWU5dG5VSENVUWxOWENwK3FmNWozenhJUEZCNmFxQmx2aE9jczhNcmVjSTd5UFBKCjdZTWFJcFBnaHRybnlnNklISzI4ZmRrOWVGVEROc3N3TXRTUEMzKzNONVJUbllweFZCSmVKYzNyRUI3SHZlZHYKL2xBWTA4bXF5YXltYW4zYU9hTVEramM9Ci0tLS0tRU5EIENFUlRJRklDQVRFLS0tLS0K",
                "password": "",
                "username": ""
              }
            ],
            "master_authorized_networks_config": [],
            "master_version": "1.20.9-gke.1001",
            "min_master_version": null,
            "monitoring_service": "monitoring.googleapis.com/kubernetes",
            "name": "illusiveaviv-gke",
            "network": "projects/illusiveaviv/global/networks/illusiveaviv-vpc",
            "network_policy": [
              {
                "enabled": false,
                "provider": "PROVIDER_UNSPECIFIED"
              }
            ],
            "node_config": [],
            "node_locations": [
              "us-central1-a",
              "us-central1-c",
              "us-central1-f"
            ],
            "node_pool": [],
            "node_version": "1.20.9-gke.1001",
            "operation": null,
            "pod_security_policy_config": [],
            "private_cluster_config": [],
            "project": "illusiveaviv",
            "release_channel": [
              {
                "channel": "REGULAR"
              }
            ],
            "remove_default_node_pool": true,
            "resource_labels": null,
            "resource_usage_export_config": [],
            "self_link": "https://container.googleapis.com/v1beta1/projects/illusiveaviv/locations/us-central1/clusters/illusiveaviv-gke",
            "services_ipv4_cidr": "10.27.240.0/20",
            "subnetwork": "projects/illusiveaviv/regions/us-central1/subnetworks/illusiveaviv-subnet",
            "timeouts": null,
            "vertical_pod_autoscaling": [],
            "workload_identity_config": []
          },
          "sensitive_attributes": [],
          "private": "eyJlMmJmYjczMC1lY2FhLTExZTYtOGY4OC0zNDM2M2JjN2M0YzAiOnsiY3JlYXRlIjoyNDAwMDAwMDAwMDAwLCJkZWxldGUiOjI0MDAwMDAwMDAwMDAsInJlYWQiOjI0MDAwMDAwMDAwMDAsInVwZGF0ZSI6MzYwMDAwMDAwMDAwMH0sInNjaGVtYV92ZXJzaW9uIjoiMSJ9",
          "dependencies": [
            "google_compute_network.vpc",
            "google_compute_subnetwork.subnet"
          ]
        }
      ]
    },
    {
      "mode": "managed",
      "type": "google_container_node_pool",
      "name": "primary_nodes",
      "provider": "provider[\"registry.terraform.io/hashicorp/google\"]",
      "instances": [
        {
          "schema_version": 1,
          "attributes": {
            "autoscaling": [],
            "cluster": "illusiveaviv-gke",
            "id": "projects/illusiveaviv/locations/us-central1/clusters/illusiveaviv-gke/nodePools/illusiveaviv-gke-node-pool",
            "initial_node_count": 2,
            "instance_group_urls": [
              "https://www.googleapis.com/compute/v1/projects/illusiveaviv/zones/us-central1-a/instanceGroupManagers/gke-illusiveaviv-gke-illusiveaviv-gke-2ee9c5ed-grp",
              "https://www.googleapis.com/compute/v1/projects/illusiveaviv/zones/us-central1-f/instanceGroupManagers/gke-illusiveaviv-gke-illusiveaviv-gke-ca302d22-grp",
              "https://www.googleapis.com/compute/v1/projects/illusiveaviv/zones/us-central1-c/instanceGroupManagers/gke-illusiveaviv-gke-illusiveaviv-gke-39c8d63e-grp"
            ],
            "location": "us-central1",
            "management": [
              {
                "auto_repair": true,
                "auto_upgrade": true
              }
            ],
            "max_pods_per_node": null,
            "name": "illusiveaviv-gke-node-pool",
            "name_prefix": "",
            "node_config": [
              {
                "disk_size_gb": 100,
                "disk_type": "pd-standard",
                "guest_accelerator": [],
                "image_type": "COS_CONTAINERD",
                "labels": {
                  "env": "illusiveaviv"
                },
                "local_ssd_count": 0,
                "machine_type": "n1-standard-1",
                "metadata": {
                  "disable-legacy-endpoints": "true"
                },
                "min_cpu_platform": "",
                "oauth_scopes": [
                  "https://www.googleapis.com/auth/logging.write",
                  "https://www.googleapis.com/auth/monitoring"
                ],
                "preemptible": false,
                "service_account": "default",
                "shielded_instance_config": [
                  {
                    "enable_integrity_monitoring": true,
                    "enable_secure_boot": false
                  }
                ],
                "tags": [
                  "gke-node",
                  "illusiveaviv-gke"
                ],
                "taint": [],
                "workload_metadata_config": []
              }
            ],
            "node_count": 2,
            "node_locations": [
              "us-central1-a",
              "us-central1-c",
              "us-central1-f"
            ],
            "project": "illusiveaviv",
            "timeouts": null,
            "upgrade_settings": [
              {
                "max_surge": 1,
                "max_unavailable": 0
              }
            ],
            "version": "1.20.9-gke.1001"
          },
          "sensitive_attributes": [],
          "private": "eyJlMmJmYjczMC1lY2FhLTExZTYtOGY4OC0zNDM2M2JjN2M0YzAiOnsiY3JlYXRlIjoxODAwMDAwMDAwMDAwLCJkZWxldGUiOjE4MDAwMDAwMDAwMDAsInVwZGF0ZSI6MTgwMDAwMDAwMDAwMH0sInNjaGVtYV92ZXJzaW9uIjoiMSJ9",
          "dependencies": [
            "google_compute_network.vpc",
            "google_compute_subnetwork.subnet",
            "google_container_cluster.primary"
          ]
        }
      ]
    }
  ]
}
